// !$*UTF8*$!
{
	archiveVersion = 1;
	classes = {
	};
	objectVersion = 50;
	objects = {

/* Begin PBXBuildFile section */
		44A0D23E25E019A100285531 /* AppDelegate.m in Sources */ = {isa = PBXBuildFile; fileRef = 44A0D23D25E019A100285531 /* AppDelegate.m */; };
		44A0D24125E019A100285531 /* SceneDelegate.m in Sources */ = {isa = PBXBuildFile; fileRef = 44A0D24025E019A100285531 /* SceneDelegate.m */; };
		44A0D24425E019A100285531 /* ViewController.m in Sources */ = {isa = PBXBuildFile; fileRef = 44A0D24325E019A100285531 /* ViewController.m */; };
		44A0D24725E019A100285531 /* Main.storyboard in Resources */ = {isa = PBXBuildFile; fileRef = 44A0D24525E019A100285531 /* Main.storyboard */; };
		44A0D24925E019A400285531 /* Assets.xcassets in Resources */ = {isa = PBXBuildFile; fileRef = 44A0D24825E019A400285531 /* Assets.xcassets */; };
		44A0D24C25E019A400285531 /* LaunchScreen.storyboard in Resources */ = {isa = PBXBuildFile; fileRef = 44A0D24A25E019A400285531 /* LaunchScreen.storyboard */; };
		44A0D24F25E019A400285531 /* main.m in Sources */ = {isa = PBXBuildFile; fileRef = 44A0D24E25E019A400285531 /* main.m */; };
/* End PBXBuildFile section */

/* Begin PBXFileReference section */
		44A0D23925E019A100285531 /* EmayLogin.app */ = {isa = PBXFileReference; explicitFileType = wrapper.application; includeInIndex = 0; path = EmayLogin.app; sourceTree = BUILT_PRODUCTS_DIR; };
		44A0D23C25E019A100285531 /* AppDelegate.h */ = {isa = PBXFileReference; lastKnownFileType = sourcecode.c.h; path = AppDelegate.h; sourceTree = "<group>"; };
		44A0D23D25E019A100285531 /* AppDelegate.m */ = {isa = PBXFileReference; lastKnownFileType = sourcecode.c.objc; path = AppDelegate.m; sourceTree = "<group>"; };
		44A0D23F25E019A100285531 /* SceneDelegate.h */ = {isa = PBXFileReference; lastKnownFileType = sourcecode.c.h; path = SceneDelegate.h; sourceTree = "<group>"; };
		44A0D24025E019A100285531 /* SceneDelegate.m */ = {isa = PBXFileReference; lastKnownFileType = sourcecode.c.objc; path = SceneDelegate.m; sourceTree = "<group>"; };
		44A0D24225E019A100285531 /* ViewController.h */ = {isa = PBXFileReference; lastKnownFileType = sourcecode.c.h; path = ViewController.h; sourceTree = "<group>"; };
		44A0D24325E019A100285531 /* ViewController.m */ = {isa = PBXFileReference; lastKnownFileType = sourcecode.c.objc; path = ViewController.m; sourceTree = "<group>"; };
		44A0D24625E019A100285531 /* Base */ = {isa = PBXFileReference; lastKnownFileType = file.storyboard; name = Base; path = Base.lproj/Main.storyboard; sourceTree = "<group>"; };
		44A0D24825E019A400285531 /* Assets.xcassets */ = {isa = PBXFileReference; lastKnownFileType = folder.assetcatalog; path = Assets.xcassets; sourceTree = "<group>"; };
		44A0D24B25E019A400285531 /* Base */ = {isa = PBXFileReference; lastKnownFileType = file.storyboard; name = Base; path = Base.lproj/LaunchScreen.storyboard; sourceTree = "<group>"; };
		44A0D24D25E019A400285531 /* Info.plist */ = {isa = PBXFileReference; lastKnownFileType = text.plist.xml; path = Info.plist; sourceTree = "<group>"; };
		44A0D24E25E019A400285531 /* main.m */ = {isa = PBXFileReference; lastKnownFileType = sourcecode.c.objc; path = main.m; sourceTree = "<group>"; };
/* End PBXFileReference section */

/* Begin PBXFrameworksBuildPhase section */
		44A0D23625E019A100285531 /* Frameworks */ = {
			isa = PBXFrameworksBuildPhase;
			buildActionMask = 2147483647;
			files = (
			);
			runOnlyForDeploymentPostprocessing = 0;
		};
/* End PBXFrameworksBuildPhase section */

/* Begin PBXGroup section */
		44A0D23025E019A100285531 = {
			isa = PBXGroup;
			children = (
				44A0D23B25E019A100285531 /* EmayLogin */,
				44A0D23A25E019A100285531 /* Products */,
			);
			sourceTree = "<group>";
		};
		44A0D23A25E019A100285531 /* Products */ = {
			isa = PBXGroup;
			children = (
				44A0D23925E019A100285531 /* EmayLogin.app */,
			);
			name = Products;
			sourceTree = "<group>";
		};
		44A0D23B25E019A100285531 /* EmayLogin */ = {
			isa = PBXGroup;
			children = (
				44A0D23C25E019A100285531 /* AppDelegate.h */,
				44A0D23D25E019A100285531 /* AppDelegate.m */,
				44A0D23F25E019A100285531 /* SceneDelegate.h */,
				44A0D24025E019A100285531 /* SceneDelegate.m */,
				44A0D24225E019A100285531 /* ViewController.h */,
				44A0D24325E019A100285531 /* ViewController.m */,
				44A0D24525E019A100285531 /* Main.storyboard */,
				44A0D24825E019A400285531 /* Assets.xcassets */,
				44A0D24A25E019A400285531 /* LaunchScreen.storyboard */,
				44A0D24D25E019A400285531 /* Info.plist */,
				44A0D24E25E019A400285531 /* main.m */,
			);
			path = EmayLogin;
			sourceTree = "<group>";
		};
/* End PBXGroup section */

/* Begin PBXNativeTarget section */
		44A0D23825E019A100285531 /* EmayLogin */ = {
			isa = PBXNativeTarget;
			buildConfigurationList = 44A0D25225E019A400285531 /* Build configuration list for PBXNativeTarget "EmayLogin" */;
			buildPhases = (
				44A0D23525E019A100285531 /* Sources */,
				44A0D23625E019A100285531 /* Frameworks */,
				44A0D23725E019A100285531 /* Resources */,
			);
			buildRules = (
			);
			dependencies = (
			);
			name = EmayLogin;
			productName = EmayLogin;
			productReference = 44A0D23925E019A100285531 /* EmayLogin.app */;
			productType = "com.apple.product-type.application";
		};
/* End PBXNativeTarget section */

/* Begin PBXProject section */
		44A0D23125E019A100285531 /* Project object */ = {
			isa = PBXProject;
			attributes = {
				LastUpgradeCheck = 1240;
				TargetAttributes = {
					44A0D23825E019A100285531 = {
						CreatedOnToolsVersion = 12.4;
					};
				};
			};
			buildConfigurationList = 44A0D23425E019A100285531 /* Build configuration list for PBXProject "EmayLogin" */;
			compatibilityVersion = "Xcode 9.3";
			developmentRegion = en;
			hasScannedForEncodings = 0;
			knownRegions = (
				en,
				Base,
			);
			mainGroup = 44A0D23025E019A100285531;
			productRefGroup = 44A0D23A25E019A100285531 /* Products */;
			projectDirPath = "";
			projectRoot = "";
			targets = (
				44A0D23825E019A100285531 /* EmayLogin */,
			);
		};
/* End PBXProject section */

/* Begin PBXResourcesBuildPhase section */
		44A0D23725E019A100285531 /* Resources */ = {
			isa = PBXResourcesBuildPhase;
			buildActionMask = 2147483647;
			files = (
				44A0D24C25E019A400285531 /* LaunchScreen.storyboard in Resources */,
				44A0D24925E019A400285531 /* Assets.xcassets in Resources */,
				44A0D24725E019A100285531 /* Main.storyboard in Resources */,
			);
			runOnlyForDeploymentPostprocessing = 0;
		};
/* End PBXResourcesBuildPhase section */

/* Begin PBXSourcesBuildPhase section */
		44A0D23525E019A100285531 /* Sources */ = {
			isa = PBXSourcesBuildPhase;
			buildActionMask = 2147483647;
			files = (
				44A0D24425E019A100285531 /* ViewController.m in Sources */,
				44A0D23E25E019A100285531 /* AppDelegate.m in Sources */,
				44A0D24F25E019A400285531 /* main.m in Sources */,
				44A0D24125E019A100285531 /* SceneDelegate.m in Sources */,
			);
			runOnlyForDeploymentPostprocessing = 0;
		};
/* End PBXSourcesBuildPhase section */

/* Begin PBXVariantGroup section */
		44A0D24525E019A100285531 /* Main.storyboard */ = {
			isa = PBXVariantGroup;
			children = (
				44A0D24625E019A100285531 /* Base */,
			);
			name = Main.storyboard;
			sourceTree = "<group>";
		};
		44A0D24A25E019A400285531 /* LaunchScreen.storyboard */ = {
			isa = PBXVariantGroup;
			children = (
				44A0D24B25E019A400285531 /* Base */,
			);
			name = LaunchScreen.storyboard;
			sourceTree = "<group>";
		};
/* End PBXVariantGroup section */

/* Begin XCBuildConfiguration section */
		44A0D25025E019A400285531 /* Debug */ = {
			isa = XCBuildConfiguration;
			buildSettings = {
				ALWAYS_SEARCH_USER_PATHS = NO;
				CLANG_ANALYZER_NONNULL = YES;
				CLANG_ANALYZER_NUMBER_OBJECT_CONVERSION = YES_AGGRESSIVE;
				CLANG_CXX_LANGUAGE_STANDARD = "gnu++14";
				CLANG_CXX_LIBRARY = "libc++";
				CLANG_ENABLE_MODULES = YES;
				CLANG_ENABLE_OBJC_ARC = YES;
				CLANG_ENABLE_OBJC_WEAK = YES;
				CLANG_WARN_BLOCK_CAPTURE_AUTORELEASING = YES;
				CLANG_WARN_BOOL_CONVERSION = YES;
				CLANG_WARN_COMMA = YES;
				CLANG_WARN_CONSTANT_CONVERSION = YES;
				CLANG_WARN_DEPRECATED_OBJC_IMPLEMENTATIONS = YES;
				CLANG_WARN_DIRECT_OBJC_ISA_USAGE = YES_ERROR;
				CLANG_WARN_DOCUMENTATION_COMMENTS = YES;
				CLANG_WARN_EMPTY_BODY = YES;
				CLANG_WARN_ENUM_CONVERSION = YES;
				CLANG_WARN_INFINITE_RECURSION = YES;
				CLANG_WARN_INT_CONVERSION = YES;
				CLANG_WARN_NON_LITERAL_NULL_CONVERSION = YES;
				CLANG_WARN_OBJC_IMPLICIT_RETAIN_SELF = YES;
				CLANG_WARN_OBJC_LITERAL_CONVERSION = YES;
				CLANG_WARN_OBJC_ROOT_CLASS = YES_ERROR;
				CLANG_WARN_QUOTED_INCLUDE_IN_FRAMEWORK_HEADER = YES;
				CLANG_WARN_RANGE_LOOP_ANALYSIS = YES;
				CLANG_WARN_STRICT_PROTOTYPES = YES;
				CLANG_WARN_SUSPICIOUS_MOVE = YES;
				CLANG_WARN_UNGUARDED_AVAILABILITY = YES_AGGRESSIVE;
				CLANG_WARN_UNREACHABLE_CODE = YES;
				CLANG_WARN__DUPLICATE_METHOD_MATCH = YES;
				COPY_PHASE_STRIP = NO;
				DEBUG_INFORMATION_FORMAT = dwarf;
				ENABLE_STRICT_OBJC_MSGSEND = YES;
				ENABLE_TESTABILITY = YES;
				GCC_C_LANGUAGE_STANDARD = gnu11;
				GCC_DYNAMIC_NO_PIC = NO;
				GCC_NO_COMMON_BLOCKS = YES;
				GCC_OPTIMIZATION_LEVEL = 0;
				GCC_PREPROCESSOR_DEFINITIONS = (
					"DEBUG=1",
					"$(inherited)",
				);
				GCC_WARN_64_TO_32_BIT_CONVERSION = YES;
				GCC_WARN_ABOUT_RETURN_TYPE = YES_ERROR;
				GCC_WARN_UNDECLARED_SELECTOR = YES;
				GCC_WARN_UNINITIALIZED_AUTOS = YES_AGGRESSIVE;
				GCC_WARN_UNUSED_FUNCTION = YES;
				GCC_WARN_UNUSED_VARIABLE = YES;
				IPHONEOS_DEPLOYMENT_TARGET = 14.4;
				MTL_ENABLE_DEBUG_INFO = INCLUDE_SOURCE;
				MTL_FAST_MATH = YES;
				ONLY_ACTIVE_ARCH = YES;
				SDKROOT = iphoneos;
			};
			name = Debug;
		};
		44A0D25125E019A400285531 /* Release */ = {
			isa = XCBuildConfiguration;
			buildSettings = {
				ALWAYS_SEARCH_USER_PATHS = NO;
				CLANG_ANALYZER_NONNULL = YES;
				CLANG_ANALYZER_NUMBER_OBJECT_CONVERSION = YES_AGGRESSIVE;
				CLANG_CXX_LANGUAGE_STANDARD = "gnu++14";
				CLANG_CXX_LIBRARY = "libc++";
				CLANG_ENABLE_MODULES = YES;
				CLANG_ENABLE_OBJC_ARC = YES;
				CLANG_ENABLE_OBJC_WEAK = YES;
				CLANG_WARN_BLOCK_CAPTURE_AUTORELEASING = YES;
				CLANG_WARN_BOOL_CONVERSION = YES;
				CLANG_WARN_COMMA = YES;
				CLANG_WARN_CONSTANT_CONVERSION = YES;
				CLANG_WARN_DEPRECATED_OBJC_IMPLEMENTATIONS = YES;
				CLANG_WARN_DIRECT_OBJC_ISA_USAGE = YES_ERROR;
				CLANG_WARN_DOCUMENTATION_COMMENTS = YES;
				CLANG_WARN_EMPTY_BODY = YES;
				CLANG_WARN_ENUM_CONVERSION = YES;
				CLANG_WARN_INFINITE_RECURSION = YES;
				CLANG_WARN_INT_CONVERSION = YES;
				CLANG_WARN_NON_LITERAL_NULL_CONVERSION = YES;
				CLANG_WARN_OBJC_IMPLICIT_RETAIN_SELF = YES;
				CLANG_WARN_OBJC_LITERAL_CONVERSION = YES;
				CLANG_WARN_OBJC_ROOT_CLASS = YES_ERROR;
				CLANG_WARN_QUOTED_INCLUDE_IN_FRAMEWORK_HEADER = YES;
				CLANG_WARN_RANGE_LOOP_ANALYSIS = YES;
				CLANG_WARN_STRICT_PROTOTYPES = YES;
				CLANG_WARN_SUSPICIOUS_MOVE = YES;
				CLANG_WARN_UNGUARDED_AVAILABILITY = YES_AGGRESSIVE;
				CLANG_WARN_UNREACHABLE_CODE = YES;
				CLANG_WARN__DUPLICATE_METHOD_MATCH = YES;
				COPY_PHASE_STRIP = NO;
				DEBUG_INFORMATION_FORMAT = "dwarf-with-dsym";
				ENABLE_NS_ASSERTIONS = NO;
				ENABLE_STRICT_OBJC_MSGSEND = YES;
				GCC_C_LANGUAGE_STANDARD = gnu11;
				GCC_NO_COMMON_BLOCKS = YES;
				GCC_WARN_64_TO_32_BIT_CONVERSION = YES;
				GCC_WARN_ABOUT_RETURN_TYPE = YES_ERROR;
				GCC_WARN_UNDECLARED_SELECTOR = YES;
				GCC_WARN_UNINITIALIZED_AUTOS = YES_AGGRESSIVE;
				GCC_WARN_UNUSED_FUNCTION = YES;
				GCC_WARN_UNUSED_VARIABLE = YES;
				IPHONEOS_DEPLOYMENT_TARGET = 14.4;
				MTL_ENABLE_DEBUG_INFO = NO;
				MTL_FAST_MATH = YES;
				SDKROOT = iphoneos;
				VALIDATE_PRODUCT = YES;
			};
			name = Release;
		};
		44A0D25325E019A400285531 /* Debug */ = {
			isa = XCBuildConfiguration;
			buildSettings = {
				ASSETCATALOG_COMPILER_APPICON_NAME = AppIcon;
				ASSETCATALOG_COMPILER_GLOBAL_ACCENT_COLOR_NAME = AccentColor;
				CODE_SIGN_STYLE = Automatic;
				FRAMEWORK_SEARCH_PATHS = (
					"$(inherited)",
					"$(PROJECT_DIR)/EmaySDK",
				);
				INFOPLIST_FILE = EmayLogin/Info.plist;
				LD_RUNPATH_SEARCH_PATHS = (
					"$(inherited)",
					"@executable_path/Frameworks",
				);
				LIBRARY_SEARCH_PATHS = (
					"$(inherited)",
					"$(PROJECT_DIR)/EmaySDK",
				);
				PRODUCT_BUNDLE_IDENTIFIER = qcx.EmayLogin;
				PRODUCT_NAME = "$(TARGET_NAME)";
				TARGETED_DEVICE_FAMILY = "1,2";
			};
			name = Debug;
		};
		44A0D25425E019A400285531 /* Release */ = {
			isa = XCBuildConfiguration;
			buildSettings = {
				ASSETCATALOG_COMPILER_APPICON_NAME = AppIcon;
				ASSETCATALOG_COMPILER_GLOBAL_ACCENT_COLOR_NAME = AccentColor;
				CODE_SIGN_STYLE = Automatic;
				FRAMEWORK_SEARCH_PATHS = (
					"$(inherited)",
					"$(PROJECT_DIR)/EmaySDK",
				);
				INFOPLIST_FILE = EmayLogin/Info.plist;
				LD_RUNPATH_SEARCH_PATHS = (
					"$(inherited)",
					"@executable_path/Frameworks",
				);
				LIBRARY_SEARCH_PATHS = (
					"$(inherited)",
					"$(PROJECT_DIR)/EmaySDK",
				);
				PRODUCT_BUNDLE_IDENTIFIER = qcx.EmayLogin;
				PRODUCT_NAME = "$(TARGET_NAME)";
				TARGETED_DEVICE_FAMILY = "1,2";
			};
			name = Release;
		};
/* End XCBuildConfiguration section */

/* Begin XCConfigurationList section */
		44A0D23425E019A100285531 /* Build configuration list for PBXProject "EmayLogin" */ = {
			isa = XCConfigurationList;
			buildConfigurations = (
				44A0D25025E019A400285531 /* Debug */,
				44A0D25125E019A400285531 /* Release */,
			);
			defaultConfigurationIsVisible = 0;
			defaultConfigurationName = Release;
		};
		44A0D25225E019A400285531 /* Build configuration list for PBXNativeTarget "EmayLogin" */ = {
			isa = XCConfigurationList;
			buildConfigurations = (
				44A0D25325E019A400285531 /* Debug */,
				44A0D25425E019A400285531 /* Release */,
			);
			defaultConfigurationIsVisible = 0;
			defaultConfigurationName = Release;
		};
/* End XCConfigurationList section */
	};
	rootObject = 44A0D23125E019A100285531 /* Project object */;
}
