// !$*UTF8*$!
{
	archiveVersion = 1;
	classes = {
	};
	objectVersion = 51;
	objects = {

/* Begin PBXBuildFile section */
		4403090425DD1BFB0095A049 /* AppDelegate.m in Sources */ = {isa = PBXBuildFile; fileRef = 4403090325DD1BFB0095A049 /* AppDelegate.m */; };
		4403090A25DD1BFB0095A049 /* ViewController.m in Sources */ = {isa = PBXBuildFile; fileRef = 4403090925DD1BFB0095A049 /* ViewController.m */; };
		4403090D25DD1BFB0095A049 /* Main.storyboard in Resources */ = {isa = PBXBuildFile; fileRef = 4403090B25DD1BFB0095A049 /* Main.storyboard */; };
		4403090F25DD1BFE0095A049 /* Assets.xcassets in Resources */ = {isa = PBXBuildFile; fileRef = 4403090E25DD1BFE0095A049 /* Assets.xcassets */; };
		4403091225DD1BFE0095A049 /* LaunchScreen.storyboard in Resources */ = {isa = PBXBuildFile; fileRef = 4403091025DD1BFE0095A049 /* LaunchScreen.storyboard */; };
		4403091525DD1BFE0095A049 /* main.m in Sources */ = {isa = PBXBuildFile; fileRef = 4403091425DD1BFE0095A049 /* main.m */; };
		4403091F25DD1BFF0095A049 /* UniLoginDemoTests.m in Sources */ = {isa = PBXBuildFile; fileRef = 4403091E25DD1BFF0095A049 /* UniLoginDemoTests.m */; };
		4403092A25DD1BFF0095A049 /* UniLoginDemoUITests.m in Sources */ = {isa = PBXBuildFile; fileRef = 4403092925DD1BFF0095A049 /* UniLoginDemoUITests.m */; };
		44A0D27025E08EC800285531 /* libc++.tbd in Frameworks */ = {isa = PBXBuildFile; fileRef = 44A0D26F25E08EC800285531 /* libc++.tbd */; };
		44A0D27A25E08FE500285531 /* WXLoginManager.m in Sources */ = {isa = PBXBuildFile; fileRef = 44A0D27625E08FE400285531 /* WXLoginManager.m */; };
		44A0D27B25E08FE500285531 /* NSData+AES.m in Sources */ = {isa = PBXBuildFile; fileRef = 44A0D27925E08FE500285531 /* NSData+AES.m */; };
		44A0D32025E1490600285531 /* Pods_UniLoginDemo.framework in Frameworks */ = {isa = PBXBuildFile; fileRef = 26101ABB5A54736090777704 /* Pods_UniLoginDemo.framework */; };
		44A0D32125E1490600285531 /* Pods_UniLoginDemo.framework in Embed Frameworks */ = {isa = PBXBuildFile; fileRef = 26101ABB5A54736090777704 /* Pods_UniLoginDemo.framework */; settings = {ATTRIBUTES = (CodeSignOnCopy, RemoveHeadersOnCopy, ); }; };
		44A0D34D25E1556400285531 /* SceneDelegate.m in Sources */ = {isa = PBXBuildFile; fileRef = 44A0D34C25E1556400285531 /* SceneDelegate.m */; };
		7640F51AAE6699534D290C47 /* Pods_UniLoginDemo_UniLoginDemoUITests.framework in Frameworks */ = {isa = PBXBuildFile; fileRef = 85EF7C103A47F5FF79918523 /* Pods_UniLoginDemo_UniLoginDemoUITests.framework */; };
		A709B142BDDB4DD57CECC6DC /* Pods_UniLoginDemoTests.framework in Frameworks */ = {isa = PBXBuildFile; fileRef = B50B7FB819F443F858371089 /* Pods_UniLoginDemoTests.framework */; };
/* End PBXBuildFile section */

/* Begin PBXContainerItemProxy section */
		4403091B25DD1BFF0095A049 /* PBXContainerItemProxy */ = {
			isa = PBXContainerItemProxy;
			containerPortal = 440308F725DD1BFB0095A049 /* Project object */;
			proxyType = 1;
			remoteGlobalIDString = 440308FE25DD1BFB0095A049;
			remoteInfo = UniLoginDemo;
		};
		4403092625DD1BFF0095A049 /* PBXContainerItemProxy */ = {
			isa = PBXContainerItemProxy;
			containerPortal = 440308F725DD1BFB0095A049 /* Project object */;
			proxyType = 1;
			remoteGlobalIDString = 440308FE25DD1BFB0095A049;
			remoteInfo = UniLoginDemo;
		};
/* End PBXContainerItemProxy section */

/* Begin PBXCopyFilesBuildPhase section */
		44A0D32225E1490600285531 /* Embed Frameworks */ = {
			isa = PBXCopyFilesBuildPhase;
			buildActionMask = 2147483647;
			dstPath = "";
			dstSubfolderSpec = 10;
			files = (
				44A0D32125E1490600285531 /* Pods_UniLoginDemo.framework in Embed Frameworks */,
			);
			name = "Embed Frameworks";
			runOnlyForDeploymentPostprocessing = 0;
		};
/* End PBXCopyFilesBuildPhase section */

/* Begin PBXFileReference section */
		1BE71D086C08059DACB2CDF3 /* Pods-UniLoginDemo-UniLoginDemoUITests.release.xcconfig */ = {isa = PBXFileReference; includeInIndex = 1; lastKnownFileType = text.xcconfig; name = "Pods-UniLoginDemo-UniLoginDemoUITests.release.xcconfig"; path = "Target Support Files/Pods-UniLoginDemo-UniLoginDemoUITests/Pods-UniLoginDemo-UniLoginDemoUITests.release.xcconfig"; sourceTree = "<group>"; };
		26101ABB5A54736090777704 /* Pods_UniLoginDemo.framework */ = {isa = PBXFileReference; explicitFileType = wrapper.framework; includeInIndex = 0; path = Pods_UniLoginDemo.framework; sourceTree = BUILT_PRODUCTS_DIR; };
		440308FF25DD1BFB0095A049 /* UniLoginDemo.app */ = {isa = PBXFileReference; explicitFileType = wrapper.application; includeInIndex = 0; path = UniLoginDemo.app; sourceTree = BUILT_PRODUCTS_DIR; };
		4403090225DD1BFB0095A049 /* AppDelegate.h */ = {isa = PBXFileReference; lastKnownFileType = sourcecode.c.h; path = AppDelegate.h; sourceTree = "<group>"; };
		4403090325DD1BFB0095A049 /* AppDelegate.m */ = {isa = PBXFileReference; lastKnownFileType = sourcecode.c.objc; path = AppDelegate.m; sourceTree = "<group>"; };
		4403090825DD1BFB0095A049 /* ViewController.h */ = {isa = PBXFileReference; lastKnownFileType = sourcecode.c.h; path = ViewController.h; sourceTree = "<group>"; };
		4403090925DD1BFB0095A049 /* ViewController.m */ = {isa = PBXFileReference; lastKnownFileType = sourcecode.c.objc; path = ViewController.m; sourceTree = "<group>"; };
		4403090C25DD1BFB0095A049 /* Base */ = {isa = PBXFileReference; lastKnownFileType = file.storyboard; name = Base; path = Base.lproj/Main.storyboard; sourceTree = "<group>"; };
		4403090E25DD1BFE0095A049 /* Assets.xcassets */ = {isa = PBXFileReference; lastKnownFileType = folder.assetcatalog; path = Assets.xcassets; sourceTree = "<group>"; };
		4403091125DD1BFE0095A049 /* Base */ = {isa = PBXFileReference; lastKnownFileType = file.storyboard; name = Base; path = Base.lproj/LaunchScreen.storyboard; sourceTree = "<group>"; };
		4403091325DD1BFE0095A049 /* Info.plist */ = {isa = PBXFileReference; lastKnownFileType = text.plist.xml; path = Info.plist; sourceTree = "<group>"; };
		4403091425DD1BFE0095A049 /* main.m */ = {isa = PBXFileReference; lastKnownFileType = sourcecode.c.objc; path = main.m; sourceTree = "<group>"; };
		4403091A25DD1BFF0095A049 /* UniLoginDemoTests.xctest */ = {isa = PBXFileReference; explicitFileType = wrapper.cfbundle; includeInIndex = 0; path = UniLoginDemoTests.xctest; sourceTree = BUILT_PRODUCTS_DIR; };
		4403091E25DD1BFF0095A049 /* UniLoginDemoTests.m */ = {isa = PBXFileReference; lastKnownFileType = sourcecode.c.objc; path = UniLoginDemoTests.m; sourceTree = "<group>"; };
		4403092025DD1BFF0095A049 /* Info.plist */ = {isa = PBXFileReference; lastKnownFileType = text.plist.xml; path = Info.plist; sourceTree = "<group>"; };
		4403092525DD1BFF0095A049 /* UniLoginDemoUITests.xctest */ = {isa = PBXFileReference; explicitFileType = wrapper.cfbundle; includeInIndex = 0; path = UniLoginDemoUITests.xctest; sourceTree = BUILT_PRODUCTS_DIR; };
		4403092925DD1BFF0095A049 /* UniLoginDemoUITests.m */ = {isa = PBXFileReference; lastKnownFileType = sourcecode.c.objc; path = UniLoginDemoUITests.m; sourceTree = "<group>"; };
		4403092B25DD1BFF0095A049 /* Info.plist */ = {isa = PBXFileReference; lastKnownFileType = text.plist.xml; path = Info.plist; sourceTree = "<group>"; };
		44A0D26F25E08EC800285531 /* libc++.tbd */ = {isa = PBXFileReference; lastKnownFileType = "sourcecode.text-based-dylib-definition"; name = "libc++.tbd"; path = "usr/lib/libc++.tbd"; sourceTree = SDKROOT; };
		44A0D27525E08FE400285531 /* WXLoginManager.h */ = {isa = PBXFileReference; fileEncoding = 4; lastKnownFileType = sourcecode.c.h; path = WXLoginManager.h; sourceTree = "<group>"; };
		44A0D27625E08FE400285531 /* WXLoginManager.m */ = {isa = PBXFileReference; fileEncoding = 4; lastKnownFileType = sourcecode.c.objc; path = WXLoginManager.m; sourceTree = "<group>"; };
		44A0D27825E08FE500285531 /* NSData+AES.h */ = {isa = PBXFileReference; fileEncoding = 4; lastKnownFileType = sourcecode.c.h; path = "NSData+AES.h"; sourceTree = "<group>"; };
		44A0D27925E08FE500285531 /* NSData+AES.m */ = {isa = PBXFileReference; fileEncoding = 4; lastKnownFileType = sourcecode.c.objc; path = "NSData+AES.m"; sourceTree = "<group>"; };
		44A0D34B25E1556400285531 /* SceneDelegate.h */ = {isa = PBXFileReference; fileEncoding = 4; lastKnownFileType = sourcecode.c.h; path = SceneDelegate.h; sourceTree = "<group>"; };
		44A0D34C25E1556400285531 /* SceneDelegate.m */ = {isa = PBXFileReference; fileEncoding = 4; lastKnownFileType = sourcecode.c.objc; path = SceneDelegate.m; sourceTree = "<group>"; };
		6C1145B545425A4805763A92 /* Pods-UniLoginDemo-UniLoginDemoUITests.debug.xcconfig */ = {isa = PBXFileReference; includeInIndex = 1; lastKnownFileType = text.xcconfig; name = "Pods-UniLoginDemo-UniLoginDemoUITests.debug.xcconfig"; path = "Target Support Files/Pods-UniLoginDemo-UniLoginDemoUITests/Pods-UniLoginDemo-UniLoginDemoUITests.debug.xcconfig"; sourceTree = "<group>"; };
		716985D9973B5203FB1C928F /* Pods-UniLoginDemo.debug.xcconfig */ = {isa = PBXFileReference; includeInIndex = 1; lastKnownFileType = text.xcconfig; name = "Pods-UniLoginDemo.debug.xcconfig"; path = "Target Support Files/Pods-UniLoginDemo/Pods-UniLoginDemo.debug.xcconfig"; sourceTree = "<group>"; };
		85EF7C103A47F5FF79918523 /* Pods_UniLoginDemo_UniLoginDemoUITests.framework */ = {isa = PBXFileReference; explicitFileType = wrapper.framework; includeInIndex = 0; path = Pods_UniLoginDemo_UniLoginDemoUITests.framework; sourceTree = BUILT_PRODUCTS_DIR; };
		9F07E13E32D2789497BF756E /* Pods-UniLoginDemoTests.debug.xcconfig */ = {isa = PBXFileReference; includeInIndex = 1; lastKnownFileType = text.xcconfig; name = "Pods-UniLoginDemoTests.debug.xcconfig"; path = "Target Support Files/Pods-UniLoginDemoTests/Pods-UniLoginDemoTests.debug.xcconfig"; sourceTree = "<group>"; };
		A55D10E9B51A02A72D09738D /* Pods-UniLoginDemo.release.xcconfig */ = {isa = PBXFileReference; includeInIndex = 1; lastKnownFileType = text.xcconfig; name = "Pods-UniLoginDemo.release.xcconfig"; path = "Target Support Files/Pods-UniLoginDemo/Pods-UniLoginDemo.release.xcconfig"; sourceTree = "<group>"; };
		B50B7FB819F443F858371089 /* Pods_UniLoginDemoTests.framework */ = {isa = PBXFileReference; explicitFileType = wrapper.framework; includeInIndex = 0; path = Pods_UniLoginDemoTests.framework; sourceTree = BUILT_PRODUCTS_DIR; };
		E82789EC5B95D53E015D7A22 /* Pods-UniLoginDemoTests.release.xcconfig */ = {isa = PBXFileReference; includeInIndex = 1; lastKnownFileType = text.xcconfig; name = "Pods-UniLoginDemoTests.release.xcconfig"; path = "Target Support Files/Pods-UniLoginDemoTests/Pods-UniLoginDemoTests.release.xcconfig"; sourceTree = "<group>"; };
/* End PBXFileReference section */

/* Begin PBXFrameworksBuildPhase section */
		440308FC25DD1BFB0095A049 /* Frameworks */ = {
			isa = PBXFrameworksBuildPhase;
			buildActionMask = 2147483647;
			files = (
				44A0D32025E1490600285531 /* Pods_UniLoginDemo.framework in Frameworks */,
				44A0D27025E08EC800285531 /* libc++.tbd in Frameworks */,
			);
			runOnlyForDeploymentPostprocessing = 0;
		};
		4403091725DD1BFF0095A049 /* Frameworks */ = {
			isa = PBXFrameworksBuildPhase;
			buildActionMask = 2147483647;
			files = (
				A709B142BDDB4DD57CECC6DC /* Pods_UniLoginDemoTests.framework in Frameworks */,
			);
			runOnlyForDeploymentPostprocessing = 0;
		};
		4403092225DD1BFF0095A049 /* Frameworks */ = {
			isa = PBXFrameworksBuildPhase;
			buildActionMask = 2147483647;
			files = (
				7640F51AAE6699534D290C47 /* Pods_UniLoginDemo_UniLoginDemoUITests.framework in Frameworks */,
			);
			runOnlyForDeploymentPostprocessing = 0;
		};
/* End PBXFrameworksBuildPhase section */

/* Begin PBXGroup section */
		440308F625DD1BFB0095A049 = {
			isa = PBXGroup;
			children = (
				4403090125DD1BFB0095A049 /* UniLoginDemo */,
				4403091D25DD1BFF0095A049 /* UniLoginDemoTests */,
				4403092825DD1BFF0095A049 /* UniLoginDemoUITests */,
				4403090025DD1BFB0095A049 /* Products */,
				C6AABAAFDD1E01DAC3E6D91B /* Pods */,
				4C742E1C53FA044A1CBD61C4 /* Frameworks */,
			);
			sourceTree = "<group>";
		};
		4403090025DD1BFB0095A049 /* Products */ = {
			isa = PBXGroup;
			children = (
				440308FF25DD1BFB0095A049 /* UniLoginDemo.app */,
				4403091A25DD1BFF0095A049 /* UniLoginDemoTests.xctest */,
				4403092525DD1BFF0095A049 /* UniLoginDemoUITests.xctest */,
			);
			name = Products;
			sourceTree = "<group>";
		};
		4403090125DD1BFB0095A049 /* UniLoginDemo */ = {
			isa = PBXGroup;
			children = (
				4403090225DD1BFB0095A049 /* AppDelegate.h */,
				4403090325DD1BFB0095A049 /* AppDelegate.m */,
				44A0D34B25E1556400285531 /* SceneDelegate.h */,
				44A0D34C25E1556400285531 /* SceneDelegate.m */,
				4403090825DD1BFB0095A049 /* ViewController.h */,
				4403090925DD1BFB0095A049 /* ViewController.m */,
				44A0D27725E08FE500285531 /* aes_tools */,
				44A0D27525E08FE400285531 /* WXLoginManager.h */,
				44A0D27625E08FE400285531 /* WXLoginManager.m */,
				4403090B25DD1BFB0095A049 /* Main.storyboard */,
				4403090E25DD1BFE0095A049 /* Assets.xcassets */,
				4403091025DD1BFE0095A049 /* LaunchScreen.storyboard */,
				4403091325DD1BFE0095A049 /* Info.plist */,
				4403091425DD1BFE0095A049 /* main.m */,
			);
			path = UniLoginDemo;
			sourceTree = "<group>";
		};
		4403091D25DD1BFF0095A049 /* UniLoginDemoTests */ = {
			isa = PBXGroup;
			children = (
				4403091E25DD1BFF0095A049 /* UniLoginDemoTests.m */,
				4403092025DD1BFF0095A049 /* Info.plist */,
			);
			path = UniLoginDemoTests;
			sourceTree = "<group>";
		};
		4403092825DD1BFF0095A049 /* UniLoginDemoUITests */ = {
			isa = PBXGroup;
			children = (
				4403092925DD1BFF0095A049 /* UniLoginDemoUITests.m */,
				4403092B25DD1BFF0095A049 /* Info.plist */,
			);
			path = UniLoginDemoUITests;
			sourceTree = "<group>";
		};
		44A0D27725E08FE500285531 /* aes_tools */ = {
			isa = PBXGroup;
			children = (
				44A0D27825E08FE500285531 /* NSData+AES.h */,
				44A0D27925E08FE500285531 /* NSData+AES.m */,
			);
			path = aes_tools;
			sourceTree = "<group>";
		};
		4C742E1C53FA044A1CBD61C4 /* Frameworks */ = {
			isa = PBXGroup;
			children = (
				44A0D26F25E08EC800285531 /* libc++.tbd */,
				26101ABB5A54736090777704 /* Pods_UniLoginDemo.framework */,
				85EF7C103A47F5FF79918523 /* Pods_UniLoginDemo_UniLoginDemoUITests.framework */,
				B50B7FB819F443F858371089 /* Pods_UniLoginDemoTests.framework */,
			);
			name = Frameworks;
			sourceTree = "<group>";
		};
		C6AABAAFDD1E01DAC3E6D91B /* Pods */ = {
			isa = PBXGroup;
			children = (
				716985D9973B5203FB1C928F /* Pods-UniLoginDemo.debug.xcconfig */,
				A55D10E9B51A02A72D09738D /* Pods-UniLoginDemo.release.xcconfig */,
				6C1145B545425A4805763A92 /* Pods-UniLoginDemo-UniLoginDemoUITests.debug.xcconfig */,
				1BE71D086C08059DACB2CDF3 /* Pods-UniLoginDemo-UniLoginDemoUITests.release.xcconfig */,
				9F07E13E32D2789497BF756E /* Pods-UniLoginDemoTests.debug.xcconfig */,
				E82789EC5B95D53E015D7A22 /* Pods-UniLoginDemoTests.release.xcconfig */,
			);
			path = Pods;
			sourceTree = "<group>";
		};
/* End PBXGroup section */

/* Begin PBXNativeTarget section */
		440308FE25DD1BFB0095A049 /* UniLoginDemo */ = {
			isa = PBXNativeTarget;
			buildConfigurationList = 4403092E25DD1BFF0095A049 /* Build configuration list for PBXNativeTarget "UniLoginDemo" */;
			buildPhases = (
				126F352E3AE8998D8621CC7A /* [CP] Check Pods Manifest.lock */,
				440308FB25DD1BFB0095A049 /* Sources */,
				440308FC25DD1BFB0095A049 /* Frameworks */,
				440308FD25DD1BFB0095A049 /* Resources */,
				153266E6B9645C8D7A87E13A /* [CP] Copy Pods Resources */,
				44A0D32225E1490600285531 /* Embed Frameworks */,
			);
			buildRules = (
			);
			dependencies = (
			);
			name = UniLoginDemo;
			productName = UniLoginDemo;
			productReference = 440308FF25DD1BFB0095A049 /* UniLoginDemo.app */;
			productType = "com.apple.product-type.application";
		};
		4403091925DD1BFF0095A049 /* UniLoginDemoTests */ = {
			isa = PBXNativeTarget;
			buildConfigurationList = 4403093125DD1BFF0095A049 /* Build configuration list for PBXNativeTarget "UniLoginDemoTests" */;
			buildPhases = (
				70E028391FD8FD09DE0D7A21 /* [CP] Check Pods Manifest.lock */,
				4403091625DD1BFF0095A049 /* Sources */,
				4403091725DD1BFF0095A049 /* Frameworks */,
				4403091825DD1BFF0095A049 /* Resources */,
			);
			buildRules = (
			);
			dependencies = (
				4403091C25DD1BFF0095A049 /* PBXTargetDependency */,
			);
			name = UniLoginDemoTests;
			productName = UniLoginDemoTests;
			productReference = 4403091A25DD1BFF0095A049 /* UniLoginDemoTests.xctest */;
			productType = "com.apple.product-type.bundle.unit-test";
		};
		4403092425DD1BFF0095A049 /* UniLoginDemoUITests */ = {
			isa = PBXNativeTarget;
			buildConfigurationList = 4403093425DD1BFF0095A049 /* Build configuration list for PBXNativeTarget "UniLoginDemoUITests" */;
			buildPhases = (
				F0E2090B6B50362972EBCC7B /* [CP] Check Pods Manifest.lock */,
				4403092125DD1BFF0095A049 /* Sources */,
				4403092225DD1BFF0095A049 /* Frameworks */,
				4403092325DD1BFF0095A049 /* Resources */,
				0106ABDE62AFF3937229EBED /* [CP] Copy Pods Resources */,
			);
			buildRules = (
			);
			dependencies = (
				4403092725DD1BFF0095A049 /* PBXTargetDependency */,
			);
			name = UniLoginDemoUITests;
			productName = UniLoginDemoUITests;
			productReference = 4403092525DD1BFF0095A049 /* UniLoginDemoUITests.xctest */;
			productType = "com.apple.product-type.bundle.ui-testing";
		};
/* End PBXNativeTarget section */

/* Begin PBXProject section */
		440308F725DD1BFB0095A049 /* Project object */ = {
			isa = PBXProject;
			attributes = {
				LastUpgradeCheck = 1240;
				TargetAttributes = {
					440308FE25DD1BFB0095A049 = {
						CreatedOnToolsVersion = 12.4;
					};
					4403091925DD1BFF0095A049 = {
						CreatedOnToolsVersion = 12.4;
						TestTargetID = 440308FE25DD1BFB0095A049;
					};
					4403092425DD1BFF0095A049 = {
						CreatedOnToolsVersion = 12.4;
						TestTargetID = 440308FE25DD1BFB0095A049;
					};
				};
			};
			buildConfigurationList = 440308FA25DD1BFB0095A049 /* Build configuration list for PBXProject "UniLoginDemo" */;
			compatibilityVersion = "Xcode 9.3";
			developmentRegion = en;
			hasScannedForEncodings = 0;
			knownRegions = (
				en,
				Base,
			);
			mainGroup = 440308F625DD1BFB0095A049;
			productRefGroup = 4403090025DD1BFB0095A049 /* Products */;
			projectDirPath = "";
			projectRoot = "";
			targets = (
				440308FE25DD1BFB0095A049 /* UniLoginDemo */,
				4403091925DD1BFF0095A049 /* UniLoginDemoTests */,
				4403092425DD1BFF0095A049 /* UniLoginDemoUITests */,
			);
		};
/* End PBXProject section */

/* Begin PBXResourcesBuildPhase section */
		440308FD25DD1BFB0095A049 /* Resources */ = {
			isa = PBXResourcesBuildPhase;
			buildActionMask = 2147483647;
			files = (
				4403091225DD1BFE0095A049 /* LaunchScreen.storyboard in Resources */,
				4403090F25DD1BFE0095A049 /* Assets.xcassets in Resources */,
				4403090D25DD1BFB0095A049 /* Main.storyboard in Resources */,
			);
			runOnlyForDeploymentPostprocessing = 0;
		};
		4403091825DD1BFF0095A049 /* Resources */ = {
			isa = PBXResourcesBuildPhase;
			buildActionMask = 2147483647;
			files = (
			);
			runOnlyForDeploymentPostprocessing = 0;
		};
		4403092325DD1BFF0095A049 /* Resources */ = {
			isa = PBXResourcesBuildPhase;
			buildActionMask = 2147483647;
			files = (
			);
			runOnlyForDeploymentPostprocessing = 0;
		};
/* End PBXResourcesBuildPhase section */

/* Begin PBXShellScriptBuildPhase section */
		0106ABDE62AFF3937229EBED /* [CP] Copy Pods Resources */ = {
			isa = PBXShellScriptBuildPhase;
			buildActionMask = 2147483647;
			files = (
			);
			inputFileListPaths = (
				"${PODS_ROOT}/Target Support Files/Pods-UniLoginDemo-UniLoginDemoUITests/Pods-UniLoginDemo-UniLoginDemoUITests-resources-${CONFIGURATION}-input-files.xcfilelist",
			);
			name = "[CP] Copy Pods Resources";
			outputFileListPaths = (
				"${PODS_ROOT}/Target Support Files/Pods-UniLoginDemo-UniLoginDemoUITests/Pods-UniLoginDemo-UniLoginDemoUITests-resources-${CONFIGURATION}-output-files.xcfilelist",
			);
			runOnlyForDeploymentPostprocessing = 0;
			shellPath = /bin/sh;
			shellScript = "\"${PODS_ROOT}/Target Support Files/Pods-UniLoginDemo-UniLoginDemoUITests/Pods-UniLoginDemo-UniLoginDemoUITests-resources.sh\"\n";
			showEnvVarsInLog = 0;
		};
		126F352E3AE8998D8621CC7A /* [CP] Check Pods Manifest.lock */ = {
			isa = PBXShellScriptBuildPhase;
			buildActionMask = 2147483647;
			files = (
			);
			inputFileListPaths = (
			);
			inputPaths = (
				"${PODS_PODFILE_DIR_PATH}/Podfile.lock",
				"${PODS_ROOT}/Manifest.lock",
			);
			name = "[CP] Check Pods Manifest.lock";
			outputFileListPaths = (
			);
			outputPaths = (
				"$(DERIVED_FILE_DIR)/Pods-UniLoginDemo-checkManifestLockResult.txt",
			);
			runOnlyForDeploymentPostprocessing = 0;
			shellPath = /bin/sh;
			shellScript = "diff \"${PODS_PODFILE_DIR_PATH}/Podfile.lock\" \"${PODS_ROOT}/Manifest.lock\" > /dev/null\nif [ $? != 0 ] ; then\n    # print error to STDERR\n    echo \"error: The sandbox is not in sync with the Podfile.lock. Run 'pod install' or update your CocoaPods installation.\" >&2\n    exit 1\nfi\n# This output is used by Xcode 'outputs' to avoid re-running this script phase.\necho \"SUCCESS\" > \"${SCRIPT_OUTPUT_FILE_0}\"\n";
			showEnvVarsInLog = 0;
		};
		153266E6B9645C8D7A87E13A /* [CP] Copy Pods Resources */ = {
			isa = PBXShellScriptBuildPhase;
			buildActionMask = 2147483647;
			files = (
			);
			inputFileListPaths = (
				"${PODS_ROOT}/Target Support Files/Pods-UniLoginDemo/Pods-UniLoginDemo-resources-${CONFIGURATION}-input-files.xcfilelist",
			);
			name = "[CP] Copy Pods Resources";
			outputFileListPaths = (
				"${PODS_ROOT}/Target Support Files/Pods-UniLoginDemo/Pods-UniLoginDemo-resources-${CONFIGURATION}-output-files.xcfilelist",
			);
			runOnlyForDeploymentPostprocessing = 0;
			shellPath = /bin/sh;
			shellScript = "\"${PODS_ROOT}/Target Support Files/Pods-UniLoginDemo/Pods-UniLoginDemo-resources.sh\"\n";
			showEnvVarsInLog = 0;
		};
		70E028391FD8FD09DE0D7A21 /* [CP] Check Pods Manifest.lock */ = {
			isa = PBXShellScriptBuildPhase;
			buildActionMask = 2147483647;
			files = (
			);
			inputFileListPaths = (
			);
			inputPaths = (
				"${PODS_PODFILE_DIR_PATH}/Podfile.lock",
				"${PODS_ROOT}/Manifest.lock",
			);
			name = "[CP] Check Pods Manifest.lock";
			outputFileListPaths = (
			);
			outputPaths = (
				"$(DERIVED_FILE_DIR)/Pods-UniLoginDemoTests-checkManifestLockResult.txt",
			);
			runOnlyForDeploymentPostprocessing = 0;
			shellPath = /bin/sh;
			shellScript = "diff \"${PODS_PODFILE_DIR_PATH}/Podfile.lock\" \"${PODS_ROOT}/Manifest.lock\" > /dev/null\nif [ $? != 0 ] ; then\n    # print error to STDERR\n    echo \"error: The sandbox is not in sync with the Podfile.lock. Run 'pod install' or update your CocoaPods installation.\" >&2\n    exit 1\nfi\n# This output is used by Xcode 'outputs' to avoid re-running this script phase.\necho \"SUCCESS\" > \"${SCRIPT_OUTPUT_FILE_0}\"\n";
			showEnvVarsInLog = 0;
		};
		F0E2090B6B50362972EBCC7B /* [CP] Check Pods Manifest.lock */ = {
			isa = PBXShellScriptBuildPhase;
			buildActionMask = 2147483647;
			files = (
			);
			inputFileListPaths = (
			);
			inputPaths = (
				"${PODS_PODFILE_DIR_PATH}/Podfile.lock",
				"${PODS_ROOT}/Manifest.lock",
			);
			name = "[CP] Check Pods Manifest.lock";
			outputFileListPaths = (
			);
			outputPaths = (
				"$(DERIVED_FILE_DIR)/Pods-UniLoginDemo-UniLoginDemoUITests-checkManifestLockResult.txt",
			);
			runOnlyForDeploymentPostprocessing = 0;
			shellPath = /bin/sh;
			shellScript = "diff \"${PODS_PODFILE_DIR_PATH}/Podfile.lock\" \"${PODS_ROOT}/Manifest.lock\" > /dev/null\nif [ $? != 0 ] ; then\n    # print error to STDERR\n    echo \"error: The sandbox is not in sync with the Podfile.lock. Run 'pod install' or update your CocoaPods installation.\" >&2\n    exit 1\nfi\n# This output is used by Xcode 'outputs' to avoid re-running this script phase.\necho \"SUCCESS\" > \"${SCRIPT_OUTPUT_FILE_0}\"\n";
			showEnvVarsInLog = 0;
		};
/* End PBXShellScriptBuildPhase section */

/* Begin PBXSourcesBuildPhase section */
		440308FB25DD1BFB0095A049 /* Sources */ = {
			isa = PBXSourcesBuildPhase;
			buildActionMask = 2147483647;
			files = (
				4403090A25DD1BFB0095A049 /* ViewController.m in Sources */,
				44A0D34D25E1556400285531 /* SceneDelegate.m in Sources */,
				4403090425DD1BFB0095A049 /* AppDelegate.m in Sources */,
				44A0D27B25E08FE500285531 /* NSData+AES.m in Sources */,
				44A0D27A25E08FE500285531 /* WXLoginManager.m in Sources */,
				4403091525DD1BFE0095A049 /* main.m in Sources */,
			);
			runOnlyForDeploymentPostprocessing = 0;
		};
		4403091625DD1BFF0095A049 /* Sources */ = {
			isa = PBXSourcesBuildPhase;
			buildActionMask = 2147483647;
			files = (
				4403091F25DD1BFF0095A049 /* UniLoginDemoTests.m in Sources */,
			);
			runOnlyForDeploymentPostprocessing = 0;
		};
		4403092125DD1BFF0095A049 /* Sources */ = {
			isa = PBXSourcesBuildPhase;
			buildActionMask = 2147483647;
			files = (
				4403092A25DD1BFF0095A049 /* UniLoginDemoUITests.m in Sources */,
			);
			runOnlyForDeploymentPostprocessing = 0;
		};
/* End PBXSourcesBuildPhase section */

/* Begin PBXTargetDependency section */
		4403091C25DD1BFF0095A049 /* PBXTargetDependency */ = {
			isa = PBXTargetDependency;
			target = 440308FE25DD1BFB0095A049 /* UniLoginDemo */;
			targetProxy = 4403091B25DD1BFF0095A049 /* PBXContainerItemProxy */;
		};
		4403092725DD1BFF0095A049 /* PBXTargetDependency */ = {
			isa = PBXTargetDependency;
			target = 440308FE25DD1BFB0095A049 /* UniLoginDemo */;
			targetProxy = 4403092625DD1BFF0095A049 /* PBXContainerItemProxy */;
		};
/* End PBXTargetDependency section */

/* Begin PBXVariantGroup section */
		4403090B25DD1BFB0095A049 /* Main.storyboard */ = {
			isa = PBXVariantGroup;
			children = (
				4403090C25DD1BFB0095A049 /* Base */,
			);
			name = Main.storyboard;
			sourceTree = "<group>";
		};
		4403091025DD1BFE0095A049 /* LaunchScreen.storyboard */ = {
			isa = PBXVariantGroup;
			children = (
				4403091125DD1BFE0095A049 /* Base */,
			);
			name = LaunchScreen.storyboard;
			sourceTree = "<group>";
		};
/* End PBXVariantGroup section */

/* Begin XCBuildConfiguration section */
		4403092C25DD1BFF0095A049 /* Debug */ = {
			isa = XCBuildConfiguration;
			buildSettings = {
				ALWAYS_SEARCH_USER_PATHS = NO;
				CLANG_ANALYZER_NONNULL = YES;
				CLANG_ANALYZER_NUMBER_OBJECT_CONVERSION = YES_AGGRESSIVE;
				CLANG_CXX_LANGUAGE_STANDARD = "gnu++14";
				CLANG_CXX_LIBRARY = "libc++";
				CLANG_ENABLE_MODULES = YES;
				CLANG_ENABLE_OBJC_ARC = YES;
				CLANG_ENABLE_OBJC_WEAK = YES;
				CLANG_WARN_BLOCK_CAPTURE_AUTORELEASING = YES;
				CLANG_WARN_BOOL_CONVERSION = YES;
				CLANG_WARN_COMMA = YES;
				CLANG_WARN_CONSTANT_CONVERSION = YES;
				CLANG_WARN_DEPRECATED_OBJC_IMPLEMENTATIONS = YES;
				CLANG_WARN_DIRECT_OBJC_ISA_USAGE = YES_ERROR;
				CLANG_WARN_DOCUMENTATION_COMMENTS = YES;
				CLANG_WARN_EMPTY_BODY = YES;
				CLANG_WARN_ENUM_CONVERSION = YES;
				CLANG_WARN_INFINITE_RECURSION = YES;
				CLANG_WARN_INT_CONVERSION = YES;
				CLANG_WARN_NON_LITERAL_NULL_CONVERSION = YES;
				CLANG_WARN_OBJC_IMPLICIT_RETAIN_SELF = YES;
				CLANG_WARN_OBJC_LITERAL_CONVERSION = YES;
				CLANG_WARN_OBJC_ROOT_CLASS = YES_ERROR;
				CLANG_WARN_QUOTED_INCLUDE_IN_FRAMEWORK_HEADER = YES;
				CLANG_WARN_RANGE_LOOP_ANALYSIS = YES;
				CLANG_WARN_STRICT_PROTOTYPES = YES;
				CLANG_WARN_SUSPICIOUS_MOVE = YES;
				CLANG_WARN_UNGUARDED_AVAILABILITY = YES_AGGRESSIVE;
				CLANG_WARN_UNREACHABLE_CODE = YES;
				CLANG_WARN__DUPLICATE_METHOD_MATCH = YES;
				COPY_PHASE_STRIP = NO;
				DEBUG_INFORMATION_FORMAT = dwarf;
				ENABLE_STRICT_OBJC_MSGSEND = YES;
				ENABLE_TESTABILITY = YES;
				GCC_C_LANGUAGE_STANDARD = gnu11;
				GCC_DYNAMIC_NO_PIC = NO;
				GCC_NO_COMMON_BLOCKS = YES;
				GCC_OPTIMIZATION_LEVEL = 0;
				GCC_PREPROCESSOR_DEFINITIONS = (
					"DEBUG=1",
					"$(inherited)",
				);
				GCC_WARN_64_TO_32_BIT_CONVERSION = YES;
				GCC_WARN_ABOUT_RETURN_TYPE = YES_ERROR;
				GCC_WARN_UNDECLARED_SELECTOR = YES;
				GCC_WARN_UNINITIALIZED_AUTOS = YES_AGGRESSIVE;
				GCC_WARN_UNUSED_FUNCTION = YES;
				GCC_WARN_UNUSED_VARIABLE = YES;
				IPHONEOS_DEPLOYMENT_TARGET = 14.4;
				MTL_ENABLE_DEBUG_INFO = INCLUDE_SOURCE;
				MTL_FAST_MATH = YES;
				ONLY_ACTIVE_ARCH = YES;
				SDKROOT = iphoneos;
			};
			name = Debug;
		};
		4403092D25DD1BFF0095A049 /* Release */ = {
			isa = XCBuildConfiguration;
			buildSettings = {
				ALWAYS_SEARCH_USER_PATHS = NO;
				CLANG_ANALYZER_NONNULL = YES;
				CLANG_ANALYZER_NUMBER_OBJECT_CONVERSION = YES_AGGRESSIVE;
				CLANG_CXX_LANGUAGE_STANDARD = "gnu++14";
				CLANG_CXX_LIBRARY = "libc++";
				CLANG_ENABLE_MODULES = YES;
				CLANG_ENABLE_OBJC_ARC = YES;
				CLANG_ENABLE_OBJC_WEAK = YES;
				CLANG_WARN_BLOCK_CAPTURE_AUTORELEASING = YES;
				CLANG_WARN_BOOL_CONVERSION = YES;
				CLANG_WARN_COMMA = YES;
				CLANG_WARN_CONSTANT_CONVERSION = YES;
				CLANG_WARN_DEPRECATED_OBJC_IMPLEMENTATIONS = YES;
				CLANG_WARN_DIRECT_OBJC_ISA_USAGE = YES_ERROR;
				CLANG_WARN_DOCUMENTATION_COMMENTS = YES;
				CLANG_WARN_EMPTY_BODY = YES;
				CLANG_WARN_ENUM_CONVERSION = YES;
				CLANG_WARN_INFINITE_RECURSION = YES;
				CLANG_WARN_INT_CONVERSION = YES;
				CLANG_WARN_NON_LITERAL_NULL_CONVERSION = YES;
				CLANG_WARN_OBJC_IMPLICIT_RETAIN_SELF = YES;
				CLANG_WARN_OBJC_LITERAL_CONVERSION = YES;
				CLANG_WARN_OBJC_ROOT_CLASS = YES_ERROR;
				CLANG_WARN_QUOTED_INCLUDE_IN_FRAMEWORK_HEADER = YES;
				CLANG_WARN_RANGE_LOOP_ANALYSIS = YES;
				CLANG_WARN_STRICT_PROTOTYPES = YES;
				CLANG_WARN_SUSPICIOUS_MOVE = YES;
				CLANG_WARN_UNGUARDED_AVAILABILITY = YES_AGGRESSIVE;
				CLANG_WARN_UNREACHABLE_CODE = YES;
				CLANG_WARN__DUPLICATE_METHOD_MATCH = YES;
				COPY_PHASE_STRIP = NO;
				DEBUG_INFORMATION_FORMAT = "dwarf-with-dsym";
				ENABLE_NS_ASSERTIONS = NO;
				ENABLE_STRICT_OBJC_MSGSEND = YES;
				GCC_C_LANGUAGE_STANDARD = gnu11;
				GCC_NO_COMMON_BLOCKS = YES;
				GCC_WARN_64_TO_32_BIT_CONVERSION = YES;
				GCC_WARN_ABOUT_RETURN_TYPE = YES_ERROR;
				GCC_WARN_UNDECLARED_SELECTOR = YES;
				GCC_WARN_UNINITIALIZED_AUTOS = YES_AGGRESSIVE;
				GCC_WARN_UNUSED_FUNCTION = YES;
				GCC_WARN_UNUSED_VARIABLE = YES;
				IPHONEOS_DEPLOYMENT_TARGET = 14.4;
				MTL_ENABLE_DEBUG_INFO = NO;
				MTL_FAST_MATH = YES;
				SDKROOT = iphoneos;
				VALIDATE_PRODUCT = YES;
			};
			name = Release;
		};
		4403092F25DD1BFF0095A049 /* Debug */ = {
			isa = XCBuildConfiguration;
			baseConfigurationReference = 716985D9973B5203FB1C928F /* Pods-UniLoginDemo.debug.xcconfig */;
			buildSettings = {
				ASSETCATALOG_COMPILER_APPICON_NAME = AppIcon;
				ASSETCATALOG_COMPILER_GLOBAL_ACCENT_COLOR_NAME = AccentColor;
				CODE_SIGN_IDENTITY = "iPhone Developer";
				CODE_SIGN_STYLE = Manual;
				DEVELOPMENT_TEAM = VCDS7583AL;
				EXCLUDED_ARCHS = "EXCLUDED_ARCHS__EFFECTIVE_PLATFORM_SUFFIX_simulator__NATIVE_ARCH_64_BIT_x86_64=arm64 arm64e armv7 armv7s armv6 armv8EXCLUDED_ARCHS=$(inherited)$(EXCLUDED_ARCHS__EFFECTIVE_PLATFORM_SUFFIX_$(EFFECTIVE_PLATFORM_SUFFIX)__NATIVE_ARCH_64_BIT_$(NATIVE_ARCH_64_BIT))";
				INFOPLIST_FILE = UniLoginDemo/Info.plist;
				IPHONEOS_DEPLOYMENT_TARGET = 9.0;
				LD_RUNPATH_SEARCH_PATHS = (
					"$(inherited)",
					"@executable_path/Frameworks",
				);
				OTHER_LDFLAGS = (
					"$(inherited)",
					"-ObjC",
					"-all_load",
					"-l\"UniLogin\"",
					"-l\"WeChatSDK\"",
					"-l\"c++\"",
					"-l\"sqlite3.0\"",
					"-l\"z\"",
					"-framework",
					"\"CoreGraphics\"",
					"-framework",
					"\"EAccountHYSDK\"",
					"-framework",
					"\"Foundation\"",
					"-framework",
					"\"OAuth\"",
					"-framework",
					"\"Security\"",
					"-framework",
					"\"TYRZUISDK\"",
					"-framework",
					"\"UIKit\"",
					"-framework",
					"\"WebKit\"",
				);
				PRODUCT_BUNDLE_IDENTIFIER = cn.emay.eqlp;
				PRODUCT_NAME = "$(TARGET_NAME)";
				PROVISIONING_PROFILE_SPECIFIER = dev;
				TARGETED_DEVICE_FAMILY = "1,2";
			};
			name = Debug;
		};
		4403093025DD1BFF0095A049 /* Release */ = {
			isa = XCBuildConfiguration;
			baseConfigurationReference = A55D10E9B51A02A72D09738D /* Pods-UniLoginDemo.release.xcconfig */;
			buildSettings = {
				ASSETCATALOG_COMPILER_APPICON_NAME = AppIcon;
				ASSETCATALOG_COMPILER_GLOBAL_ACCENT_COLOR_NAME = AccentColor;
				CODE_SIGN_IDENTITY = "iPhone Distribution";
				CODE_SIGN_STYLE = Manual;
				DEVELOPMENT_TEAM = VCDS7583AL;
				EXCLUDED_ARCHS = "EXCLUDED_ARCHS__EFFECTIVE_PLATFORM_SUFFIX_simulator__NATIVE_ARCH_64_BIT_x86_64=arm64 arm64e armv7 armv7s armv6 armv8EXCLUDED_ARCHS=$(inherited)$(EXCLUDED_ARCHS__EFFECTIVE_PLATFORM_SUFFIX_$(EFFECTIVE_PLATFORM_SUFFIX)__NATIVE_ARCH_64_BIT_$(NATIVE_ARCH_64_BIT))";
				INFOPLIST_FILE = UniLoginDemo/Info.plist;
				IPHONEOS_DEPLOYMENT_TARGET = 9.0;
				LD_RUNPATH_SEARCH_PATHS = (
					"$(inherited)",
					"@executable_path/Frameworks",
				);
				OTHER_LDFLAGS = (
					"$(inherited)",
					"-ObjC",
					"-all_load",
					"-l\"UniLogin\"",
					"-l\"WeChatSDK\"",
					"-l\"c++\"",
					"-l\"sqlite3.0\"",
					"-l\"z\"",
					"-framework",
					"\"CoreGraphics\"",
					"-framework",
					"\"EAccountHYSDK\"",
					"-framework",
					"\"Foundation\"",
					"-framework",
					"\"OAuth\"",
					"-framework",
					"\"Security\"",
					"-framework",
					"\"TYRZUISDK\"",
					"-framework",
					"\"UIKit\"",
					"-framework",
					"\"WebKit\"",
				);
				PRODUCT_BUNDLE_IDENTIFIER = cn.emay.eqlp;
				PRODUCT_NAME = "$(TARGET_NAME)";
				PROVISIONING_PROFILE_SPECIFIER = dis;
				TARGETED_DEVICE_FAMILY = "1,2";
			};
			name = Release;
		};
		4403093225DD1BFF0095A049 /* Debug */ = {
			isa = XCBuildConfiguration;
			baseConfigurationReference = 9F07E13E32D2789497BF756E /* Pods-UniLoginDemoTests.debug.xcconfig */;
			buildSettings = {
				BUNDLE_LOADER = "$(TEST_HOST)";
				CODE_SIGN_STYLE = Automatic;
				INFOPLIST_FILE = UniLoginDemoTests/Info.plist;
				IPHONEOS_DEPLOYMENT_TARGET = 14.4;
				LD_RUNPATH_SEARCH_PATHS = (
					"$(inherited)",
					"@executable_path/Frameworks",
					"@loader_path/Frameworks",
				);
				PRODUCT_BUNDLE_IDENTIFIER = qcx.UniLoginDemoTests;
				PRODUCT_NAME = "$(TARGET_NAME)";
				TARGETED_DEVICE_FAMILY = "1,2";
				TEST_HOST = "$(BUILT_PRODUCTS_DIR)/UniLoginDemo.app/UniLoginDemo";
			};
			name = Debug;
		};
		4403093325DD1BFF0095A049 /* Release */ = {
			isa = XCBuildConfiguration;
			baseConfigurationReference = E82789EC5B95D53E015D7A22 /* Pods-UniLoginDemoTests.release.xcconfig */;
			buildSettings = {
				BUNDLE_LOADER = "$(TEST_HOST)";
				CODE_SIGN_STYLE = Automatic;
				INFOPLIST_FILE = UniLoginDemoTests/Info.plist;
				IPHONEOS_DEPLOYMENT_TARGET = 14.4;
				LD_RUNPATH_SEARCH_PATHS = (
					"$(inherited)",
					"@executable_path/Frameworks",
					"@loader_path/Frameworks",
				);
				PRODUCT_BUNDLE_IDENTIFIER = qcx.UniLoginDemoTests;
				PRODUCT_NAME = "$(TARGET_NAME)";
				TARGETED_DEVICE_FAMILY = "1,2";
				TEST_HOST = "$(BUILT_PRODUCTS_DIR)/UniLoginDemo.app/UniLoginDemo";
			};
			name = Release;
		};
		4403093525DD1BFF0095A049 /* Debug */ = {
			isa = XCBuildConfiguration;
			baseConfigurationReference = 6C1145B545425A4805763A92 /* Pods-UniLoginDemo-UniLoginDemoUITests.debug.xcconfig */;
			buildSettings = {
				CODE_SIGN_STYLE = Automatic;
				INFOPLIST_FILE = UniLoginDemoUITests/Info.plist;
				LD_RUNPATH_SEARCH_PATHS = (
					"$(inherited)",
					"@executable_path/Frameworks",
					"@loader_path/Frameworks",
				);
				PRODUCT_BUNDLE_IDENTIFIER = qcx.UniLoginDemoUITests;
				PRODUCT_NAME = "$(TARGET_NAME)";
				TARGETED_DEVICE_FAMILY = "1,2";
				TEST_TARGET_NAME = UniLoginDemo;
			};
			name = Debug;
		};
		4403093625DD1BFF0095A049 /* Release */ = {
			isa = XCBuildConfiguration;
			baseConfigurationReference = 1BE71D086C08059DACB2CDF3 /* Pods-UniLoginDemo-UniLoginDemoUITests.release.xcconfig */;
			buildSettings = {
				CODE_SIGN_STYLE = Automatic;
				INFOPLIST_FILE = UniLoginDemoUITests/Info.plist;
				LD_RUNPATH_SEARCH_PATHS = (
					"$(inherited)",
					"@executable_path/Frameworks",
					"@loader_path/Frameworks",
				);
				PRODUCT_BUNDLE_IDENTIFIER = qcx.UniLoginDemoUITests;
				PRODUCT_NAME = "$(TARGET_NAME)";
				TARGETED_DEVICE_FAMILY = "1,2";
				TEST_TARGET_NAME = UniLoginDemo;
			};
			name = Release;
		};
/* End XCBuildConfiguration section */

/* Begin XCConfigurationList section */
		440308FA25DD1BFB0095A049 /* Build configuration list for PBXProject "UniLoginDemo" */ = {
			isa = XCConfigurationList;
			buildConfigurations = (
				4403092C25DD1BFF0095A049 /* Debug */,
				4403092D25DD1BFF0095A049 /* Release */,
			);
			defaultConfigurationIsVisible = 0;
			defaultConfigurationName = Release;
		};
		4403092E25DD1BFF0095A049 /* Build configuration list for PBXNativeTarget "UniLoginDemo" */ = {
			isa = XCConfigurationList;
			buildConfigurations = (
				4403092F25DD1BFF0095A049 /* Debug */,
				4403093025DD1BFF0095A049 /* Release */,
			);
			defaultConfigurationIsVisible = 0;
			defaultConfigurationName = Release;
		};
		4403093125DD1BFF0095A049 /* Build configuration list for PBXNativeTarget "UniLoginDemoTests" */ = {
			isa = XCConfigurationList;
			buildConfigurations = (
				4403093225DD1BFF0095A049 /* Debug */,
				4403093325DD1BFF0095A049 /* Release */,
			);
			defaultConfigurationIsVisible = 0;
			defaultConfigurationName = Release;
		};
		4403093425DD1BFF0095A049 /* Build configuration list for PBXNativeTarget "UniLoginDemoUITests" */ = {
			isa = XCConfigurationList;
			buildConfigurations = (
				4403093525DD1BFF0095A049 /* Debug */,
				4403093625DD1BFF0095A049 /* Release */,
			);
			defaultConfigurationIsVisible = 0;
			defaultConfigurationName = Release;
		};
/* End XCConfigurationList section */
	};
	rootObject = 440308F725DD1BFB0095A049 /* Project object */;
}
